{
  "name": "openai-gpt-token-counter",
  "version": "1.0.9fixed",
  "lockfileVersion": 2,
  "requires": true,
  "packages": {
    "": {
      "name": "openai-gpt-token-counter",
      "version": "1.0.9fixed",
      "license": "ISC",
      "dependencies": {
        "tiktoken": "^1.0.10"
      }
    },
    "node_modules/tiktoken": {
      "version": "1.0.10",
      "resolved": "https://registry.npmjs.org/tiktoken/-/tiktoken-1.0.10.tgz",
      "integrity": "sha512-gF8ndTCNu7WcRFbl1UUWaFIB4CTXmHzS3tRYdyUYF7x3C6YR6Evoao4zhKDmWIwv2PzNbzoQMV8Pxt+17lEDbA=="
    }
  },
  "dependencies": {
    "tiktoken": {
      "version": "1.0.10",
      "resolved": "https://registry.npmjs.org/tiktoken/-/tiktoken-1.0.10.tgz",
      "integrity": "sha512-gF8ndTCNu7WcRFbl1UUWaFIB4CTXmHzS3tRYdyUYF7x3C6YR6Evoao4zhKDmWIwv2PzNbzoQMV8Pxt+17lEDbA=="
    }
  }
}
